
Microsoft Visual Studio Solution File, Format Version 12.00
Project("{2150E333-8FDC-42A3-9474-1A3956D46DE8}") = "1-Easy", "1-Easy", "{4C218CB7-F7A0-4E26-99F2-7C46DE7A2EF2}"
EndProject
Project("{2150E333-8FDC-42A3-9474-1A3956D46DE8}") = "2-Medium", "2-Medium", "{4579D369-3F2B-4495-8A68-BB184B581E4A}"
EndProject
Project("{2150E333-8FDC-42A3-9474-1A3956D46DE8}") = "3-Hard", "3-Hard", "{E236336F-96B7-4B31-ACCC-8684EDF46D2A}"
EndProject
Project("{F2A71F9B-5D33-465A-A702-920D77279786}") = "Accumulate", "1-easy\accumulate\Accumulate.fsproj", "{6825AFF9-BDA5-4764-ACAA-FFE4FAF5BE20}"
EndProject
Project("{F2A71F9B-5D33-465A-A702-920D77279786}") = "ArmstrongNumbers", "1-easy\armstrong-numbers\ArmstrongNumbers.fsproj", "{875BECAE-D7CC-4D12-9494-64040C7A60B7}"
EndProject
Project("{F2A71F9B-5D33-465A-A702-920D77279786}") = "BeerSong", "1-easy\beer-song\BeerSong.fsproj", "{273147FA-AEDC-4E21-BAA1-2F549980801F}"
EndProject
Project("{F2A71F9B-5D33-465A-A702-920D77279786}") = "Clock", "1-easy\clock\Clock.fsproj", "{B73416B3-AB2E-4C60-A836-12D98A440373}"
EndProject
Project("{F2A71F9B-5D33-465A-A702-920D77279786}") = "CollatzConjecture", "1-easy\collatz-conjecture\CollatzConjecture.fsproj", "{0DDBFCA1-758E-4DC4-81A6-EEBEE33CA7C2}"
EndProject
Project("{F2A71F9B-5D33-465A-A702-920D77279786}") = "Darts", "1-easy\darts\Darts.fsproj", "{BE0BE7D1-D013-444E-B958-E472515DCC35}"
EndProject
Project("{F2A71F9B-5D33-465A-A702-920D77279786}") = "GradeSchool", "1-easy\grade-school\GradeSchool.fsproj", "{9F4891A3-42B2-43FA-A1E6-210C4230FFBC}"
EndProject
Project("{F2A71F9B-5D33-465A-A702-920D77279786}") = "Hamming", "1-easy\hamming\Hamming.fsproj", "{55C2CF61-5BE6-4822-96C9-B6477743F93B}"
EndProject
Project("{F2A71F9B-5D33-465A-A702-920D77279786}") = "Leap", "1-easy\leap\Leap.fsproj", "{60672D24-7766-49C6-AA20-D2C05CA7A71B}"
EndProject
Project("{F2A71F9B-5D33-465A-A702-920D77279786}") = "QueenAttack", "1-easy\queen-attack\QueenAttack.fsproj", "{33002FD5-F0C0-4B92-A0D9-FBFB6A39B36E}"
EndProject
Project("{F2A71F9B-5D33-465A-A702-920D77279786}") = "Raindrops", "1-easy\raindrops\Raindrops.fsproj", "{093570FC-E331-403A-B8DA-915F352042B2}"
EndProject
Project("{F2A71F9B-5D33-465A-A702-920D77279786}") = "RobotSimulator", "1-easy\robot-simulator\RobotSimulator.fsproj", "{80E4819F-9F90-4A45-85E0-1136672F03C4}"
EndProject
Project("{F2A71F9B-5D33-465A-A702-920D77279786}") = "SpaceAge", "1-easy\space-age\SpaceAge.fsproj", "{92A430B9-C8A3-485B-BBB3-375946A7C7E6}"
EndProject
Project("{F2A71F9B-5D33-465A-A702-920D77279786}") = "BinarySearchTree", "2-medium\binary-search-tree\BinarySearchTree.fsproj", "{625A7CBE-2139-467D-B047-33642AF0E4D2}"
EndProject
Project("{F2A71F9B-5D33-465A-A702-920D77279786}") = "OcrNumbers", "2-medium\ocr-numbers\OcrNumbers.fsproj", "{852E0E0B-8D7D-4D82-B146-0BE0A127E451}"
EndProject
Project("{F2A71F9B-5D33-465A-A702-920D77279786}") = "Diamond", "3-hard\Diamond\Diamond.fsproj", "{DC462704-E9CF-489B-B1B8-733C083F1000}"
EndProject
Project("{F2A71F9B-5D33-465A-A702-920D77279786}") = "HelloWorld", "1-easy\hello-world\HelloWorld.fsproj", "{0B16EADA-B35D-4F28-B729-9C800DC9B686}"
EndProject
Project("{F2A71F9B-5D33-465A-A702-920D77279786}") = "TwoFer", "1-easy\two-fer\TwoFer.fsproj", "{8BEF5320-C561-4D51-ABE4-E1F993AE5EFD}"
EndProject
Project("{2150E333-8FDC-42A3-9474-1A3956D46DE8}") = "0-Common", "0-Common", "{9D1D6C17-3ADC-4C12-9644-4AA6DB78C3AB}"
ProjectSection(SolutionItems) = preProject
	README.md = README.md
EndProjectSection
EndProject
Project("{F2A71F9B-5D33-465A-A702-920D77279786}") = "RomanNumerals", "2-medium\roman-numerals\RomanNumerals.fsproj", "{4E84914F-5D90-4E4E-AF07-006369186E91}"
EndProject
Project("{F2A71F9B-5D33-465A-A702-920D77279786}") = "RobotName", "2-medium\robot-name\RobotName.fsproj", "{5291CEE7-CCDE-491B-91A7-84385F564AC2}"
EndProject
Global
	GlobalSection(SolutionConfigurationPlatforms) = preSolution
		Debug|Any CPU = Debug|Any CPU
		Release|Any CPU = Release|Any CPU
	EndGlobalSection
	GlobalSection(ProjectConfigurationPlatforms) = postSolution
		{60672D24-7766-49C6-AA20-D2C05CA7A71B}.Debug|Any CPU.ActiveCfg = Debug|Any CPU
		{60672D24-7766-49C6-AA20-D2C05CA7A71B}.Debug|Any CPU.Build.0 = Debug|Any CPU
		{60672D24-7766-49C6-AA20-D2C05CA7A71B}.Release|Any CPU.ActiveCfg = Release|Any CPU
		{60672D24-7766-49C6-AA20-D2C05CA7A71B}.Release|Any CPU.Build.0 = Release|Any CPU
		{33002FD5-F0C0-4B92-A0D9-FBFB6A39B36E}.Debug|Any CPU.ActiveCfg = Debug|Any CPU
		{33002FD5-F0C0-4B92-A0D9-FBFB6A39B36E}.Debug|Any CPU.Build.0 = Debug|Any CPU
		{33002FD5-F0C0-4B92-A0D9-FBFB6A39B36E}.Release|Any CPU.ActiveCfg = Release|Any CPU
		{33002FD5-F0C0-4B92-A0D9-FBFB6A39B36E}.Release|Any CPU.Build.0 = Release|Any CPU
		{093570FC-E331-403A-B8DA-915F352042B2}.Debug|Any CPU.ActiveCfg = Debug|Any CPU
		{093570FC-E331-403A-B8DA-915F352042B2}.Debug|Any CPU.Build.0 = Debug|Any CPU
		{093570FC-E331-403A-B8DA-915F352042B2}.Release|Any CPU.ActiveCfg = Release|Any CPU
		{093570FC-E331-403A-B8DA-915F352042B2}.Release|Any CPU.Build.0 = Release|Any CPU
		{6825AFF9-BDA5-4764-ACAA-FFE4FAF5BE20}.Debug|Any CPU.ActiveCfg = Debug|Any CPU
		{6825AFF9-BDA5-4764-ACAA-FFE4FAF5BE20}.Debug|Any CPU.Build.0 = Debug|Any CPU
		{6825AFF9-BDA5-4764-ACAA-FFE4FAF5BE20}.Release|Any CPU.ActiveCfg = Release|Any CPU
		{6825AFF9-BDA5-4764-ACAA-FFE4FAF5BE20}.Release|Any CPU.Build.0 = Release|Any CPU
		{92A430B9-C8A3-485B-BBB3-375946A7C7E6}.Debug|Any CPU.ActiveCfg = Debug|Any CPU
		{92A430B9-C8A3-485B-BBB3-375946A7C7E6}.Debug|Any CPU.Build.0 = Debug|Any CPU
		{92A430B9-C8A3-485B-BBB3-375946A7C7E6}.Release|Any CPU.ActiveCfg = Release|Any CPU
		{92A430B9-C8A3-485B-BBB3-375946A7C7E6}.Release|Any CPU.Build.0 = Release|Any CPU
		{9F4891A3-42B2-43FA-A1E6-210C4230FFBC}.Debug|Any CPU.ActiveCfg = Debug|Any CPU
		{9F4891A3-42B2-43FA-A1E6-210C4230FFBC}.Debug|Any CPU.Build.0 = Debug|Any CPU
		{9F4891A3-42B2-43FA-A1E6-210C4230FFBC}.Release|Any CPU.ActiveCfg = Release|Any CPU
		{9F4891A3-42B2-43FA-A1E6-210C4230FFBC}.Release|Any CPU.Build.0 = Release|Any CPU
		{B73416B3-AB2E-4C60-A836-12D98A440373}.Debug|Any CPU.ActiveCfg = Debug|Any CPU
		{B73416B3-AB2E-4C60-A836-12D98A440373}.Debug|Any CPU.Build.0 = Debug|Any CPU
		{B73416B3-AB2E-4C60-A836-12D98A440373}.Release|Any CPU.ActiveCfg = Release|Any CPU
		{B73416B3-AB2E-4C60-A836-12D98A440373}.Release|Any CPU.Build.0 = Release|Any CPU
		{273147FA-AEDC-4E21-BAA1-2F549980801F}.Debug|Any CPU.ActiveCfg = Debug|Any CPU
		{273147FA-AEDC-4E21-BAA1-2F549980801F}.Debug|Any CPU.Build.0 = Debug|Any CPU
		{273147FA-AEDC-4E21-BAA1-2F549980801F}.Release|Any CPU.ActiveCfg = Release|Any CPU
		{273147FA-AEDC-4E21-BAA1-2F549980801F}.Release|Any CPU.Build.0 = Release|Any CPU
		{852E0E0B-8D7D-4D82-B146-0BE0A127E451}.Debug|Any CPU.ActiveCfg = Debug|Any CPU
		{852E0E0B-8D7D-4D82-B146-0BE0A127E451}.Debug|Any CPU.Build.0 = Debug|Any CPU
		{852E0E0B-8D7D-4D82-B146-0BE0A127E451}.Release|Any CPU.ActiveCfg = Release|Any CPU
		{852E0E0B-8D7D-4D82-B146-0BE0A127E451}.Release|Any CPU.Build.0 = Release|Any CPU
		{80E4819F-9F90-4A45-85E0-1136672F03C4}.Debug|Any CPU.ActiveCfg = Debug|Any CPU
		{80E4819F-9F90-4A45-85E0-1136672F03C4}.Debug|Any CPU.Build.0 = Debug|Any CPU
		{80E4819F-9F90-4A45-85E0-1136672F03C4}.Release|Any CPU.ActiveCfg = Release|Any CPU
		{80E4819F-9F90-4A45-85E0-1136672F03C4}.Release|Any CPU.Build.0 = Release|Any CPU
		{DC462704-E9CF-489B-B1B8-733C083F1000}.Debug|Any CPU.ActiveCfg = Debug|Any CPU
		{DC462704-E9CF-489B-B1B8-733C083F1000}.Debug|Any CPU.Build.0 = Debug|Any CPU
		{DC462704-E9CF-489B-B1B8-733C083F1000}.Release|Any CPU.ActiveCfg = Release|Any CPU
		{DC462704-E9CF-489B-B1B8-733C083F1000}.Release|Any CPU.Build.0 = Release|Any CPU
		{0DDBFCA1-758E-4DC4-81A6-EEBEE33CA7C2}.Debug|Any CPU.ActiveCfg = Debug|Any CPU
		{0DDBFCA1-758E-4DC4-81A6-EEBEE33CA7C2}.Debug|Any CPU.Build.0 = Debug|Any CPU
		{0DDBFCA1-758E-4DC4-81A6-EEBEE33CA7C2}.Release|Any CPU.ActiveCfg = Release|Any CPU
		{0DDBFCA1-758E-4DC4-81A6-EEBEE33CA7C2}.Release|Any CPU.Build.0 = Release|Any CPU
		{875BECAE-D7CC-4D12-9494-64040C7A60B7}.Debug|Any CPU.ActiveCfg = Debug|Any CPU
		{875BECAE-D7CC-4D12-9494-64040C7A60B7}.Debug|Any CPU.Build.0 = Debug|Any CPU
		{875BECAE-D7CC-4D12-9494-64040C7A60B7}.Release|Any CPU.ActiveCfg = Release|Any CPU
		{875BECAE-D7CC-4D12-9494-64040C7A60B7}.Release|Any CPU.Build.0 = Release|Any CPU
		{625A7CBE-2139-467D-B047-33642AF0E4D2}.Debug|Any CPU.ActiveCfg = Debug|Any CPU
		{625A7CBE-2139-467D-B047-33642AF0E4D2}.Debug|Any CPU.Build.0 = Debug|Any CPU
		{625A7CBE-2139-467D-B047-33642AF0E4D2}.Release|Any CPU.ActiveCfg = Release|Any CPU
		{625A7CBE-2139-467D-B047-33642AF0E4D2}.Release|Any CPU.Build.0 = Release|Any CPU
		{BE0BE7D1-D013-444E-B958-E472515DCC35}.Debug|Any CPU.ActiveCfg = Debug|Any CPU
		{BE0BE7D1-D013-444E-B958-E472515DCC35}.Debug|Any CPU.Build.0 = Debug|Any CPU
		{BE0BE7D1-D013-444E-B958-E472515DCC35}.Release|Any CPU.ActiveCfg = Release|Any CPU
		{BE0BE7D1-D013-444E-B958-E472515DCC35}.Release|Any CPU.Build.0 = Release|Any CPU
		{55C2CF61-5BE6-4822-96C9-B6477743F93B}.Debug|Any CPU.ActiveCfg = Debug|Any CPU
		{55C2CF61-5BE6-4822-96C9-B6477743F93B}.Debug|Any CPU.Build.0 = Debug|Any CPU
		{55C2CF61-5BE6-4822-96C9-B6477743F93B}.Release|Any CPU.ActiveCfg = Release|Any CPU
		{55C2CF61-5BE6-4822-96C9-B6477743F93B}.Release|Any CPU.Build.0 = Release|Any CPU
		{0B16EADA-B35D-4F28-B729-9C800DC9B686}.Debug|Any CPU.ActiveCfg = Debug|Any CPU
		{0B16EADA-B35D-4F28-B729-9C800DC9B686}.Debug|Any CPU.Build.0 = Debug|Any CPU
		{0B16EADA-B35D-4F28-B729-9C800DC9B686}.Release|Any CPU.ActiveCfg = Release|Any CPU
		{0B16EADA-B35D-4F28-B729-9C800DC9B686}.Release|Any CPU.Build.0 = Release|Any CPU
		{8BEF5320-C561-4D51-ABE4-E1F993AE5EFD}.Debug|Any CPU.ActiveCfg = Debug|Any CPU
		{8BEF5320-C561-4D51-ABE4-E1F993AE5EFD}.Debug|Any CPU.Build.0 = Debug|Any CPU
		{8BEF5320-C561-4D51-ABE4-E1F993AE5EFD}.Release|Any CPU.ActiveCfg = Release|Any CPU
		{8BEF5320-C561-4D51-ABE4-E1F993AE5EFD}.Release|Any CPU.Build.0 = Release|Any CPU
		{4E84914F-5D90-4E4E-AF07-006369186E91}.Debug|Any CPU.ActiveCfg = Debug|Any CPU
		{4E84914F-5D90-4E4E-AF07-006369186E91}.Debug|Any CPU.Build.0 = Debug|Any CPU
		{4E84914F-5D90-4E4E-AF07-006369186E91}.Release|Any CPU.ActiveCfg = Release|Any CPU
		{4E84914F-5D90-4E4E-AF07-006369186E91}.Release|Any CPU.Build.0 = Release|Any CPU
		{5291CEE7-CCDE-491B-91A7-84385F564AC2}.Debug|Any CPU.ActiveCfg = Debug|Any CPU
		{5291CEE7-CCDE-491B-91A7-84385F564AC2}.Debug|Any CPU.Build.0 = Debug|Any CPU
		{5291CEE7-CCDE-491B-91A7-84385F564AC2}.Release|Any CPU.ActiveCfg = Release|Any CPU
		{5291CEE7-CCDE-491B-91A7-84385F564AC2}.Release|Any CPU.Build.0 = Release|Any CPU
	EndGlobalSection
	GlobalSection(NestedProjects) = preSolution
		{852E0E0B-8D7D-4D82-B146-0BE0A127E451} = {4579D369-3F2B-4495-8A68-BB184B581E4A}
		{625A7CBE-2139-467D-B047-33642AF0E4D2} = {4579D369-3F2B-4495-8A68-BB184B581E4A}
		{DC462704-E9CF-489B-B1B8-733C083F1000} = {E236336F-96B7-4B31-ACCC-8684EDF46D2A}
		{6825AFF9-BDA5-4764-ACAA-FFE4FAF5BE20} = {4C218CB7-F7A0-4E26-99F2-7C46DE7A2EF2}
		{875BECAE-D7CC-4D12-9494-64040C7A60B7} = {4C218CB7-F7A0-4E26-99F2-7C46DE7A2EF2}
		{273147FA-AEDC-4E21-BAA1-2F549980801F} = {4C218CB7-F7A0-4E26-99F2-7C46DE7A2EF2}
		{B73416B3-AB2E-4C60-A836-12D98A440373} = {4C218CB7-F7A0-4E26-99F2-7C46DE7A2EF2}
		{0DDBFCA1-758E-4DC4-81A6-EEBEE33CA7C2} = {4C218CB7-F7A0-4E26-99F2-7C46DE7A2EF2}
		{BE0BE7D1-D013-444E-B958-E472515DCC35} = {4C218CB7-F7A0-4E26-99F2-7C46DE7A2EF2}
		{9F4891A3-42B2-43FA-A1E6-210C4230FFBC} = {4C218CB7-F7A0-4E26-99F2-7C46DE7A2EF2}
		{60672D24-7766-49C6-AA20-D2C05CA7A71B} = {4C218CB7-F7A0-4E26-99F2-7C46DE7A2EF2}
		{33002FD5-F0C0-4B92-A0D9-FBFB6A39B36E} = {4C218CB7-F7A0-4E26-99F2-7C46DE7A2EF2}
		{093570FC-E331-403A-B8DA-915F352042B2} = {4C218CB7-F7A0-4E26-99F2-7C46DE7A2EF2}
		{80E4819F-9F90-4A45-85E0-1136672F03C4} = {4C218CB7-F7A0-4E26-99F2-7C46DE7A2EF2}
		{92A430B9-C8A3-485B-BBB3-375946A7C7E6} = {4C218CB7-F7A0-4E26-99F2-7C46DE7A2EF2}
		{55C2CF61-5BE6-4822-96C9-B6477743F93B} = {4C218CB7-F7A0-4E26-99F2-7C46DE7A2EF2}
		{0B16EADA-B35D-4F28-B729-9C800DC9B686} = {4C218CB7-F7A0-4E26-99F2-7C46DE7A2EF2}
		{8BEF5320-C561-4D51-ABE4-E1F993AE5EFD} = {4C218CB7-F7A0-4E26-99F2-7C46DE7A2EF2}
		{4E84914F-5D90-4E4E-AF07-006369186E91} = {4579D369-3F2B-4495-8A68-BB184B581E4A}
		{5291CEE7-CCDE-491B-91A7-84385F564AC2} = {4579D369-3F2B-4495-8A68-BB184B581E4A}
	EndGlobalSection
EndGlobal
